
Microsoft Visual Studio Solution File, Format Version 12.00
# Visual Studio Version 17
VisualStudioVersion = 17.14.36327.8 d17.14
MinimumVisualStudioVersion = 10.0.40219.1
Project("{FAE04EC0-301F-11D3-BF4B-00C04F79EFBC}") = "Taller_POO", "Taller_POO.csproj", "{97D3430E-DC42-44F3-8205-396E7069086D}"
EndProject
Global
	GlobalSection(SolutionConfigurationPlatforms) = preSolution
		Debug|Any CPU = Debug|Any CPU
		Release|Any CPU = Release|Any CPU
	EndGlobalSection
	GlobalSection(ProjectConfigurationPlatforms) = postSolution
		{97D3430E-DC42-44F3-8205-396E7069086D}.Debug|Any CPU.ActiveCfg = Debug|Any CPU
		{97D3430E-DC42-44F3-8205-396E7069086D}.Debug|Any CPU.Build.0 = Debug|Any CPU
		{97D3430E-DC42-44F3-8205-396E7069086D}.Release|Any CPU.ActiveCfg = Release|Any CPU
		{97D3430E-DC42-44F3-8205-396E7069086D}.Release|Any CPU.Build.0 = Release|Any CPU
	EndGlobalSection
	GlobalSection(SolutionProperties) = preSolution
		HideSolutionNode = FALSE
	EndGlobalSection
	GlobalSection(ExtensibilityGlobals) = postSolution
		SolutionGuid = {FE0A3D7B-A051-430A-B958-6B36B9A29CFD}
	EndGlobalSection
EndGlobal
